Microsoft Visual Studio Solution File, Format Version 11.00
# Visual Studio 2008

Project("{5ECBE9B9-2539-2FA8-87AA-A89ECBD79652}") = "Galaxpeer", "Assembly-CSharp.csproj", "{EB5CB332-FA7E-0AAE-B5EB-6F47824AD06E}"
EndProject
Global
	GlobalSection(SolutionConfigurationPlatforms) = preSolution
		Debug|Any CPU = Debug|Any CPU
		Release|Any CPU = Release|Any CPU
	EndGlobalSection
	GlobalSection(ProjectConfigurationPlatforms) = postSolution
		{EB5CB332-FA7E-0AAE-B5EB-6F47824AD06E}.Debug|Any CPU.ActiveCfg = Debug|Any CPU
		{EB5CB332-FA7E-0AAE-B5EB-6F47824AD06E}.Debug|Any CPU.Build.0 = Debug|Any CPU
		{EB5CB332-FA7E-0AAE-B5EB-6F47824AD06E}.Release|Any CPU.ActiveCfg = Release|Any CPU
		{EB5CB332-FA7E-0AAE-B5EB-6F47824AD06E}.Release|Any CPU.Build.0 = Release|Any CPU
	EndGlobalSection
	GlobalSection(SolutionProperties) = preSolution
		HideSolutionNode = FALSE
	EndGlobalSection
																													GlobalSection(MonoDevelopProperties) = preSolution
		StartupItem = Assembly-CSharp.csproj
	EndGlobalSection

EndGlobal
